<Solution>
  <Project Path="../ContactsManagementSystemPresentationLayer/ContactsBusinessLayer/ContactsBusinessLayer.csproj" Id="f6280d08-3b28-4f62-9a5f-9c1ae82414a9" />
  <Project Path="../ContactsManagementSystemPresentationLayer/ContactsDataAccessLayer/ContactsDataAccessLayer.csproj" Id="d502f2e2-787e-47b2-a474-4380bff9d6dc" />
  <Project Path="ContactsDesktopPresentation.csproj" Id="5aeae961-d106-41cc-aed1-acc1e4291bf5" />
</Solution>
