<Solution>
  <Project Path="../ContactsManagementSystemPresentationLayer/ContactsBusinessLayer/ContactsBusinessLayer.csproj" />
  <Project Path="../ContactsManagementSystemPresentationLayer/ContactsDataAccessLayer/ContactsDataAccessLayer.csproj" />
  <Project Path="ContactsDesktopPresentation.csproj" />
</Solution>
